{
  "name": "honebone",
  "version": "1.0.0",
  "lockfileVersion": 2,
  "requires": true,
  "packages": {
    "": {
      "name": "honebone",
      "version": "1.0.0",
      "license": "ISC",
      "dependencies": {
        "hono": "^4.6.4"
      }
    },
    "node_modules/hono": {
      "version": "4.6.4",
      "resolved": "https://registry.npmjs.org/hono/-/hono-4.6.4.tgz",
      "integrity": "sha512-T5WqBkTOcIQblqBKB5mpzaH/A+dSpvVe938xZJCHOmOuYfF7DSwE/9/10+BMvwSPq9N/f6LiQ38HxrZSQOsXKw==",
      "engines": {
        "node": ">=16.9.0"
      }
    }
  },
  "dependencies": {
    "hono": {
      "version": "4.6.4",
      "resolved": "https://registry.npmjs.org/hono/-/hono-4.6.4.tgz",
      "integrity": "sha512-T5WqBkTOcIQblqBKB5mpzaH/A+dSpvVe938xZJCHOmOuYfF7DSwE/9/10+BMvwSPq9N/f6LiQ38HxrZSQOsXKw=="
    }
  }
}
